
Microsoft Visual Studio Solution File, Format Version 12.00
# Visual Studio Version 16
VisualStudioVersion = 16.0.808.2
MinimumVisualStudioVersion = 10.0.40219.1
Project("{FAE04EC0-301F-11D3-BF4B-00C04F79EFBC}") = "AuthenticationJwt", "AuthenticationJwt.csproj", "{FA88FED4-AD5B-4DB3-95FB-A4A83F4E18FB}"
EndProject
Global
	GlobalSection(SolutionConfigurationPlatforms) = preSolution
		Debug|Any CPU = Debug|Any CPU
		Release|Any CPU = Release|Any CPU
	EndGlobalSection
	GlobalSection(ProjectConfigurationPlatforms) = postSolution
		{FA88FED4-AD5B-4DB3-95FB-A4A83F4E18FB}.Debug|Any CPU.ActiveCfg = Debug|Any CPU
		{FA88FED4-AD5B-4DB3-95FB-A4A83F4E18FB}.Debug|Any CPU.Build.0 = Debug|Any CPU
		{FA88FED4-AD5B-4DB3-95FB-A4A83F4E18FB}.Release|Any CPU.ActiveCfg = Release|Any CPU
		{FA88FED4-AD5B-4DB3-95FB-A4A83F4E18FB}.Release|Any CPU.Build.0 = Release|Any CPU
	EndGlobalSection
	GlobalSection(SolutionProperties) = preSolution
		HideSolutionNode = FALSE
	EndGlobalSection
	GlobalSection(ExtensibilityGlobals) = postSolution
		SolutionGuid = {2AB291C1-8821-43ED-8CCA-370373A3BED2}
	EndGlobalSection
EndGlobal
